
Microsoft Visual Studio Solution File, Format Version 12.00
# Visual Studio 15
VisualStudioVersion = 15.0.28307.779
MinimumVisualStudioVersion = 10.0.40219.1
Project("{FAE04EC0-301F-11D3-BF4B-00C04F79EFBC}") = "Electricity-Bill", "Electricity-Bill\Electricity-Bill.csproj", "{F7BC5A05-90CB-40A4-9944-8F1D3ED38ED7}"
EndProject
Global
	GlobalSection(SolutionConfigurationPlatforms) = preSolution
		Debug|Any CPU = Debug|Any CPU
		Release|Any CPU = Release|Any CPU
	EndGlobalSection
	GlobalSection(ProjectConfigurationPlatforms) = postSolution
		{F7BC5A05-90CB-40A4-9944-8F1D3ED38ED7}.Debug|Any CPU.ActiveCfg = Debug|Any CPU
		{F7BC5A05-90CB-40A4-9944-8F1D3ED38ED7}.Debug|Any CPU.Build.0 = Debug|Any CPU
		{F7BC5A05-90CB-40A4-9944-8F1D3ED38ED7}.Release|Any CPU.ActiveCfg = Release|Any CPU
		{F7BC5A05-90CB-40A4-9944-8F1D3ED38ED7}.Release|Any CPU.Build.0 = Release|Any CPU
	EndGlobalSection
	GlobalSection(SolutionProperties) = preSolution
		HideSolutionNode = FALSE
	EndGlobalSection
	GlobalSection(ExtensibilityGlobals) = postSolution
		SolutionGuid = {5A1B6494-3818-4ABD-8855-05065F34CFF3}
	EndGlobalSection
EndGlobal
